schema: '2.0'
stages:
  prepare_eda_sample:
    cmd: uv run python -m src.data.prepare_eda
    deps:
    - path: data/raw/cfpb_reclamos_narrativa.parquet
      hash: md5
      md5: 68f4560aca0967779f118e8225e72c26
      size: 1616005038
    - path: src/data/agregados.py
      hash: md5
      md5: acb7f7bce1e665d7a166cd9acade6446
      size: 16774
    - path: src/data/load_raw.py
      hash: md5
      md5: 40111c33b5b20c90d24b8847addc3e03
      size: 2454
    - path: src/data/prepare_eda.py
      hash: md5
      md5: f81c63f8bbb4c22632a3acd729057248
      size: 11041
    - path: src/paths.py
      hash: md5
      md5: 7bcaff4d98841997471c8e2e43928977
      size: 748
    params:
      params.yaml:
        random_seed: 42
        sample:
          train_size: 100000
          validation_size: 25000
          test_size: 25000
          ood_2026_size: 25000
          batch_size: 131072
        splits:
          train:
            start: '2023-01-01'
            end: '2024-12-31'
          validation:
            start: '2025-01-01'
            end: '2025-06-30'
          test:
            start: '2025-07-01'
            end: '2025-12-31'
          ood_2026:
            start: '2026-01-01'
            end: '2026-12-31'
        text.hash_algorithm: sha1
        text.normalization_version: lower-whitespace-v1
    outs:
    - path: data/interim/eda_hash_groups.parquet
      hash: md5
      md5: c80bc492b39cdd1a3d2b144b4bfda67a
      size: 2697727
    - path: data/interim/eda_sample.parquet
      hash: md5
      md5: 7eb58e21982828c3f3e7152ad37cca21
      size: 53721622
    - path: reports/artefactos/eda_sample_hash_audit.csv
      hash: md5
      md5: a885d04fa65c0a4adf96835b9376a021
      size: 269
  build_tfidf:
    cmd: uv run python -m src.features.text
    deps:
    - path: data/interim/eda_sample.parquet
      hash: md5
      md5: 7eb58e21982828c3f3e7152ad37cca21
      size: 53721622
    - path: src/data/prepare_eda.py
      hash: md5
      md5: f81c63f8bbb4c22632a3acd729057248
      size: 11041
    - path: src/features/text.py
      hash: md5
      md5: e7eeacd93dfa600e2f763b2725aacb59
      size: 4073
    - path: src/paths.py
      hash: md5
      md5: 7bcaff4d98841997471c8e2e43928977
      size: 748
    params:
      params.yaml:
        tfidf:
          word:
            ngram_range:
            - 1
            - 2
            min_df: 3
            max_df: 0.98
            max_features: 150000
            sublinear_tf: true
          char:
            analyzer: char_wb
            ngram_range:
            - 3
            - 5
            min_df: 3
            max_features: 150000
            sublinear_tf: true
    outs:
    - path: data/processed/r0_index.parquet
      hash: md5
      md5: f83dc57493de9e3bcb7c48aa2c017998
      size: 4234392
    - path: data/processed/r0_manifest.json
      hash: md5
      md5: 0050225bf9e37a521a2ddd5b9eae9d5c
      size: 696
    - path: data/processed/r0_tfidf.npz
      hash: md5
      md5: 995d24ad423b8e972ced6cc0355c7a11
      size: 989538185
    - path: data/processed/r0_vectorizers.joblib
      hash: md5
      md5: d6952121d8b76b6fe42e0579e83025d6
      size: 2742873
  e12_baseline:
    cmd: uv run python -m src.models.baseline
    deps:
    - path: data/processed/r0_index.parquet
      hash: md5
      md5: f83dc57493de9e3bcb7c48aa2c017998
      size: 4234392
    - path: data/processed/r0_tfidf.npz
      hash: md5
      md5: 995d24ad423b8e972ced6cc0355c7a11
      size: 989538185
    - path: src/data/prepare_eda.py
      hash: md5
      md5: f81c63f8bbb4c22632a3acd729057248
      size: 11041
    - path: src/models/baseline.py
      hash: md5
      md5: 764d9174ac8f9ab522be0802e102f7d1
      size: 11830
    - path: src/paths.py
      hash: md5
      md5: 7bcaff4d98841997471c8e2e43928977
      size: 748
    params:
      params.yaml:
        baseline:
          alpha: 1e-05
          max_iter: 10
          tol: 0.001
          average: true
          class_weight_cap: 20.0
        random_seed: 42
    outs:
    - path: data/processed/e12_predictions.parquet
      hash: md5
      md5: 675eef2d6f6857db95b1b3f77b3fe7b5
      size: 9029709
    - path: reports/artefactos/e12_piso_senal.csv
      hash: md5
      md5: 443010218901fa49eede456163329b0b
      size: 65867
  build_embeddings:
    cmd: uv run python -m src.features.embeddings
    deps:
    - path: data/interim/eda_sample.parquet
      hash: md5
      md5: 7eb58e21982828c3f3e7152ad37cca21
      size: 53721622
    - path: src/data/prepare_eda.py
      hash: md5
      md5: f81c63f8bbb4c22632a3acd729057248
      size: 11041
    - path: src/features/embeddings.py
      hash: md5
      md5: 01451250fe2b79d586e85d4bdfb2d97a
      size: 6235
    - path: src/paths.py
      hash: md5
      md5: 7bcaff4d98841997471c8e2e43928977
      size: 748
    params:
      params.yaml:
        embedding:
          model: sentence-transformers/all-MiniLM-L6-v2
          revision: 1110a243fdf4706b3f48f1d95db1a4f5529b4d41
          max_seq_length: 256
          batch_size: 256
          checkpoint_size: 4096
          normalize: true
        text.normalization_version: lower-whitespace-v1
    outs:
    - path: data/processed/r1_embeddings.npy
      hash: md5
      md5: 889dd0319804fae2341fd4f8a389d0df
      size: 198701696
    - path: data/processed/r1_hash_index.parquet
      hash: md5
      md5: 0252d03c84e8376d138763c3c1631062
      size: 3035080
    - path: data/processed/r1_manifest.json
      hash: md5
      md5: 00936fdb82496ce62ba23375af008c0c
      size: 405
  type_full_corpus:
    cmd: uv run python -m src.data.typing
    deps:
    - path: configs/dtypes.yaml
      hash: md5
      md5: 51bc1ee4c06ae05059fb400ac300a252
      size: 1125
    - path: data/raw/cfpb_reclamos_narrativa.parquet
      hash: md5
      md5: 68f4560aca0967779f118e8225e72c26
      size: 1616005038
    - path: src/data/agregados.py
      hash: md5
      md5: acb7f7bce1e665d7a166cd9acade6446
      size: 16774
    - path: src/data/typing.py
      hash: md5
      md5: e6c575f94403a240013505cd775758c5
      size: 12822
    - path: src/paths.py
      hash: md5
      md5: 7bcaff4d98841997471c8e2e43928977
      size: 748
    params:
      params.yaml:
        typing:
          batch_size: 131072
          date_min: '2011-01-01'
          date_max: '2026-12-31'
          min_memory_reduction_pct: 80.0
    outs:
    - path: data/interim/tipado.parquet
      hash: md5
      md5: 4207e4f141fab5d4c3f6792f02975636
      size: 786612838
    - path: reports/artefactos/f02_tipado_audit.csv
      hash: md5
      md5: 28e8d910162db35ca438f15b733d000a
      size: 456
  prepare_e14:
    cmd: uv run python -m src.features.e14_prepare
    deps:
    - path: data/interim/eda_sample.parquet
      hash: md5
      md5: 7eb58e21982828c3f3e7152ad37cca21
      size: 53721622
    - path: data/processed/r1_embeddings.npy
      hash: md5
      md5: 889dd0319804fae2341fd4f8a389d0df
      size: 198701696
    - path: data/processed/r1_hash_index.parquet
      hash: md5
      md5: 0252d03c84e8376d138763c3c1631062
      size: 3035080
    - path: src/data/prepare_eda.py
      hash: md5
      md5: f81c63f8bbb4c22632a3acd729057248
      size: 11041
    - path: src/features/e14_prepare.py
      hash: md5
      md5: b93cfa8f8c517f95df54698ce06ab83e
      size: 9881
    - path: src/paths.py
      hash: md5
      md5: 7bcaff4d98841997471c8e2e43928977
      size: 748
    params:
      params.yaml:
        e14.company_mask:
          min_alias_chars: 5
        embedding:
          model: sentence-transformers/all-MiniLM-L6-v2
          revision: 1110a243fdf4706b3f48f1d95db1a4f5529b4d41
          max_seq_length: 256
          batch_size: 256
          checkpoint_size: 4096
          normalize: true
        text.normalization_version: lower-whitespace-v1
    outs:
    - path: data/processed/e14_masked_embeddings.npy
      hash: md5
      md5: 91e50aa360692060b63230e82b01f03a
      size: 112914560
    - path: data/processed/e14_prepare_manifest.json
      hash: md5
      md5: 8f1e4fe48caa0913b6179b7f8b34cb38
      size: 489
    - path: data/processed/e14_train_index.parquet
      hash: md5
      md5: 7f5c81576b75247b567dd60bcdced3a8
      size: 3434266
    - path: reports/artefactos/e14_company_ablation.csv
      hash: md5
      md5: 62d18f98fde55aa18ae5d93f083cf93d
      size: 318
  e14_clustering:
    cmd: uv run python -m src.data.cluster_evidence
    deps:
    - path: data/interim/eda_sample.parquet
      hash: md5
      md5: 7eb58e21982828c3f3e7152ad37cca21
      size: 53721622
    - path: data/processed/e14_masked_embeddings.npy
      hash: md5
      md5: 91e50aa360692060b63230e82b01f03a
      size: 112914560
    - path: data/processed/e14_train_index.parquet
      hash: md5
      md5: 7f5c81576b75247b567dd60bcdced3a8
      size: 3434266
    - path: data/processed/r1_embeddings.npy
      hash: md5
      md5: 889dd0319804fae2341fd4f8a389d0df
      size: 198701696
    - path: data/processed/r1_hash_index.parquet
      hash: md5
      md5: 0252d03c84e8376d138763c3c1631062
      size: 3035080
    - path: src/data/cluster_evidence.py
      hash: md5
      md5: 9ccc157a3db6453064c8a8cadd4b8640
      size: 22418
    - path: src/features/e14_prepare.py
      hash: md5
      md5: b93cfa8f8c517f95df54698ce06ab83e
      size: 9881
    - path: src/features/text.py
      hash: md5
      md5: e7eeacd93dfa600e2f763b2725aacb59
      size: 4073
    - path: src/paths.py
      hash: md5
      md5: 7bcaff4d98841997471c8e2e43928977
      size: 748
    params:
      params.yaml:
        clustering:
          svd_components: 100
          kmeans_clusters: 40
          umap:
            n_components: 12
            n_neighbors: 30
            min_dist: 0.0
            metric: cosine
          hdbscan:
            min_cluster_size: 100
            min_samples: 20
            metric: euclidean
          bertopic:
            top_n_words: 10
            calculate_probabilities: false
        e14:
          company_mask:
            min_alias_chars: 5
          umap_seeds:
          - 42
          - 43
          - 44
          kmeans_clusters:
          - 30
          - 40
          - 50
          hdbscan_min_cluster_sizes:
          - 50
          - 100
          - 200
          silhouette_sample_size: 5000
          topic_max_features: 30000
        embedding.max_seq_length: 256
        random_seed: 42
        tfidf:
          word:
            ngram_range:
            - 1
            - 2
            min_df: 3
            max_df: 0.98
            max_features: 150000
            sublinear_tf: true
          char:
            analyzer: char_wb
            ngram_range:
            - 3
            - 5
            min_df: 3
            max_features: 150000
            sublinear_tf: true
    outs:
    - path: data/processed/e14_assignments.parquet
      hash: md5
      md5: 620eeaf1849fe287e371b4d8f6281e61
      size: 16143265
    - path: data/processed/e14_manifest.json
      hash: md5
      md5: 9c1a821033aec1f723464ace063f2b9b
      size: 3729
    - path: data/processed/e14_projection.parquet
      hash: md5
      md5: 2c7b7fbc8db61bef4988059e4af80ead
      size: 11883920
    - path: reports/artefactos/e14_clusters.csv
      hash: md5
      md5: dc1e80c1e7facd0f5be39deb1d097314
      size: 5508
    - path: reports/artefactos/e14_stability.csv
      hash: md5
      md5: 4dbabccf9cbd5a1bd0ff0fb243041029
      size: 1133
    - path: reports/artefactos/e14_topics.csv
      hash: md5
      md5: 0ed5f027444ac485e70c0e13404e9f66
      size: 152374
  e13_compare_representations:
    cmd: uv run python -m src.evaluation.compare_embeddings
    deps:
    - path: data/processed/r0_index.parquet
      hash: md5
      md5: f83dc57493de9e3bcb7c48aa2c017998
      size: 4234392
    - path: data/processed/r0_tfidf.npz
      hash: md5
      md5: 995d24ad423b8e972ced6cc0355c7a11
      size: 989538185
    - path: data/processed/r0_vectorizers.joblib
      hash: md5
      md5: d6952121d8b76b6fe42e0579e83025d6
      size: 2742873
    - path: data/processed/r1_embeddings.npy
      hash: md5
      md5: 889dd0319804fae2341fd4f8a389d0df
      size: 198701696
    - path: data/processed/r1_hash_index.parquet
      hash: md5
      md5: 0252d03c84e8376d138763c3c1631062
      size: 3035080
    - path: src/evaluation/compare_embeddings.py
      hash: md5
      md5: a1d7a9b650c6829070997cf1e4e727ef
      size: 8245
    - path: src/models/baseline.py
      hash: md5
      md5: 764d9174ac8f9ab522be0802e102f7d1
      size: 11830
    - path: src/paths.py
      hash: md5
      md5: 7bcaff4d98841997471c8e2e43928977
      size: 748
    params:
      params.yaml:
        baseline:
          alpha: 1e-05
          max_iter: 10
          tol: 0.001
          average: true
          class_weight_cap: 20.0
        random_seed: 42
    outs:
    - path: reports/artefactos/e13_embeddings.csv
      hash: md5
      md5: f11fa61a5b2c9f3669eaf1990e7cd6d4
      size: 168792
